
Microsoft Visual Studio Solution File, Format Version 12.00
Project("{FAE04EC0-301F-11D3-BF4B-00C04F79EFBC}") = "Qubitlab.CrossCuttingConcerns", "Qubitlab.CrossCuttingConcerns\Qubitlab.CrossCuttingConcerns.csproj", "{B8BDF503-0BAF-4B4C-9C71-400254144BEA}"
EndProject
Project("{FAE04EC0-301F-11D3-BF4B-00C04F79EFBC}") = "Qubitlab.Abstractions", "Qubitlab.Abstractions\Qubitlab.Abstractions.csproj", "{9B519F0B-FFD9-4407-97C2-9C39D8F0DC54}"
EndProject
Project("{FAE04EC0-301F-11D3-BF4B-00C04F79EFBC}") = "Qubitlab.Persistence.EFCore", "Qubitlab.Persistence.EFCore\Qubitlab.Persistence.EFCore.csproj", "{4673B06D-F9D3-426C-B307-2D696705BD1F}"
EndProject
Project("{FAE04EC0-301F-11D3-BF4B-00C04F79EFBC}") = "Qubitlab.Application", "Qubitlab.Application\Qubitlab.Application.csproj", "{60163E6B-8B30-4481-808D-07878D75E635}"
EndProject
Project("{FAE04EC0-301F-11D3-BF4B-00C04F79EFBC}") = "Qubitlab.Caching.InMemory", "Qubitlab.Caching.InMemory\Qubitlab.Caching.InMemory.csproj", "{31305711-39EA-40F1-AF2A-E7F60878AC7B}"
EndProject
Project("{FAE04EC0-301F-11D3-BF4B-00C04F79EFBC}") = "Qubitlab.Caching.Redis", "Qubitlab.Caching.Redis\Qubitlab.Caching.Redis.csproj", "{3A2FB3CB-2626-4C3D-AEBF-409D5F6DD268}"
EndProject
Project("{FAE04EC0-301F-11D3-BF4B-00C04F79EFBC}") = "Qubitlab.Caching.Hybrid", "Qubitlab.Caching.Hybrid\Qubitlab.Caching.Hybrid.csproj", "{D9BEBC34-1711-4817-9256-45EFC699D6C1}"
EndProject
Project("{FAE04EC0-301F-11D3-BF4B-00C04F79EFBC}") = "Qubitlab.Security", "Qubitlab.Security\Qubitlab.Security.csproj", "{2AB33FC8-07AF-4D79-9039-3332EC4411A7}"
EndProject
Global
	GlobalSection(SolutionConfigurationPlatforms) = preSolution
		Debug|Any CPU = Debug|Any CPU
		Release|Any CPU = Release|Any CPU
	EndGlobalSection
	GlobalSection(ProjectConfigurationPlatforms) = postSolution
		{B8BDF503-0BAF-4B4C-9C71-400254144BEA}.Debug|Any CPU.ActiveCfg = Debug|Any CPU
		{B8BDF503-0BAF-4B4C-9C71-400254144BEA}.Debug|Any CPU.Build.0 = Debug|Any CPU
		{B8BDF503-0BAF-4B4C-9C71-400254144BEA}.Release|Any CPU.ActiveCfg = Release|Any CPU
		{B8BDF503-0BAF-4B4C-9C71-400254144BEA}.Release|Any CPU.Build.0 = Release|Any CPU
		{9B519F0B-FFD9-4407-97C2-9C39D8F0DC54}.Debug|Any CPU.ActiveCfg = Debug|Any CPU
		{9B519F0B-FFD9-4407-97C2-9C39D8F0DC54}.Debug|Any CPU.Build.0 = Debug|Any CPU
		{9B519F0B-FFD9-4407-97C2-9C39D8F0DC54}.Release|Any CPU.ActiveCfg = Release|Any CPU
		{9B519F0B-FFD9-4407-97C2-9C39D8F0DC54}.Release|Any CPU.Build.0 = Release|Any CPU
		{4673B06D-F9D3-426C-B307-2D696705BD1F}.Debug|Any CPU.ActiveCfg = Debug|Any CPU
		{4673B06D-F9D3-426C-B307-2D696705BD1F}.Debug|Any CPU.Build.0 = Debug|Any CPU
		{4673B06D-F9D3-426C-B307-2D696705BD1F}.Release|Any CPU.ActiveCfg = Release|Any CPU
		{4673B06D-F9D3-426C-B307-2D696705BD1F}.Release|Any CPU.Build.0 = Release|Any CPU
		{60163E6B-8B30-4481-808D-07878D75E635}.Debug|Any CPU.ActiveCfg = Debug|Any CPU
		{60163E6B-8B30-4481-808D-07878D75E635}.Debug|Any CPU.Build.0 = Debug|Any CPU
		{60163E6B-8B30-4481-808D-07878D75E635}.Release|Any CPU.ActiveCfg = Release|Any CPU
		{60163E6B-8B30-4481-808D-07878D75E635}.Release|Any CPU.Build.0 = Release|Any CPU
		{31305711-39EA-40F1-AF2A-E7F60878AC7B}.Debug|Any CPU.ActiveCfg = Debug|Any CPU
		{31305711-39EA-40F1-AF2A-E7F60878AC7B}.Debug|Any CPU.Build.0 = Debug|Any CPU
		{31305711-39EA-40F1-AF2A-E7F60878AC7B}.Release|Any CPU.ActiveCfg = Release|Any CPU
		{31305711-39EA-40F1-AF2A-E7F60878AC7B}.Release|Any CPU.Build.0 = Release|Any CPU
		{3A2FB3CB-2626-4C3D-AEBF-409D5F6DD268}.Debug|Any CPU.ActiveCfg = Debug|Any CPU
		{3A2FB3CB-2626-4C3D-AEBF-409D5F6DD268}.Debug|Any CPU.Build.0 = Debug|Any CPU
		{3A2FB3CB-2626-4C3D-AEBF-409D5F6DD268}.Release|Any CPU.ActiveCfg = Release|Any CPU
		{3A2FB3CB-2626-4C3D-AEBF-409D5F6DD268}.Release|Any CPU.Build.0 = Release|Any CPU
		{D9BEBC34-1711-4817-9256-45EFC699D6C1}.Debug|Any CPU.ActiveCfg = Debug|Any CPU
		{D9BEBC34-1711-4817-9256-45EFC699D6C1}.Debug|Any CPU.Build.0 = Debug|Any CPU
		{D9BEBC34-1711-4817-9256-45EFC699D6C1}.Release|Any CPU.ActiveCfg = Release|Any CPU
		{D9BEBC34-1711-4817-9256-45EFC699D6C1}.Release|Any CPU.Build.0 = Release|Any CPU
		{2AB33FC8-07AF-4D79-9039-3332EC4411A7}.Debug|Any CPU.ActiveCfg = Debug|Any CPU
		{2AB33FC8-07AF-4D79-9039-3332EC4411A7}.Debug|Any CPU.Build.0 = Debug|Any CPU
		{2AB33FC8-07AF-4D79-9039-3332EC4411A7}.Release|Any CPU.ActiveCfg = Release|Any CPU
		{2AB33FC8-07AF-4D79-9039-3332EC4411A7}.Release|Any CPU.Build.0 = Release|Any CPU
	EndGlobalSection
EndGlobal
