
Microsoft Visual Studio Solution File, Format Version 12.00
Project("{FAE04EC0-301F-11D3-BF4B-00C04F79EFBC}") = "Qubitlab.CrossCuttingConcerns", "Qubitlab.CrossCuttingConcerns\Qubitlab.CrossCuttingConcerns.csproj", "{B8BDF503-0BAF-4B4C-9C71-400254144BEA}"
EndProject
Project("{FAE04EC0-301F-11D3-BF4B-00C04F79EFBC}") = "Qubitlab.Abstractions", "Qubitlab.Abstractions\Qubitlab.Abstractions.csproj", "{9B519F0B-FFD9-4407-97C2-9C39D8F0DC54}"
EndProject
Global
	GlobalSection(SolutionConfigurationPlatforms) = preSolution
		Debug|Any CPU = Debug|Any CPU
		Release|Any CPU = Release|Any CPU
	EndGlobalSection
	GlobalSection(ProjectConfigurationPlatforms) = postSolution
		{B8BDF503-0BAF-4B4C-9C71-400254144BEA}.Debug|Any CPU.ActiveCfg = Debug|Any CPU
		{B8BDF503-0BAF-4B4C-9C71-400254144BEA}.Debug|Any CPU.Build.0 = Debug|Any CPU
		{B8BDF503-0BAF-4B4C-9C71-400254144BEA}.Release|Any CPU.ActiveCfg = Release|Any CPU
		{B8BDF503-0BAF-4B4C-9C71-400254144BEA}.Release|Any CPU.Build.0 = Release|Any CPU
		{9B519F0B-FFD9-4407-97C2-9C39D8F0DC54}.Debug|Any CPU.ActiveCfg = Debug|Any CPU
		{9B519F0B-FFD9-4407-97C2-9C39D8F0DC54}.Debug|Any CPU.Build.0 = Debug|Any CPU
		{9B519F0B-FFD9-4407-97C2-9C39D8F0DC54}.Release|Any CPU.ActiveCfg = Release|Any CPU
		{9B519F0B-FFD9-4407-97C2-9C39D8F0DC54}.Release|Any CPU.Build.0 = Release|Any CPU
	EndGlobalSection
EndGlobal
